
Microsoft Visual Studio Solution File, Format Version 12.00
# Visual Studio 2017
Project("{FAE04EC0-301F-11D3-BF4B-00C04F79EFBC}") = "3dRPG_2", "3dRPG_2.csproj", "{54B4214F-95B6-D2AF-F65E-E239A382F65F}"
EndProject
Project("{FAE04EC0-301F-11D3-BF4B-00C04F79EFBC}") = "3dRPG_2.Editor", "3dRPG_2.Editor.csproj", "{C197FC31-9649-BE78-27A5-5D7879002EAA}"
EndProject
Global
	GlobalSection(SolutionConfigurationPlatforms) = preSolution
		Debug|Any CPU = Debug|Any CPU
		Release|Any CPU = Release|Any CPU
	EndGlobalSection
	GlobalSection(ProjectConfigurationPlatforms) = postSolution
		{54B4214F-95B6-D2AF-F65E-E239A382F65F}.Debug|Any CPU.ActiveCfg = Debug|Any CPU
		{54B4214F-95B6-D2AF-F65E-E239A382F65F}.Debug|Any CPU.Build.0 = Debug|Any CPU
		{54B4214F-95B6-D2AF-F65E-E239A382F65F}.Release|Any CPU.ActiveCfg = Release|Any CPU
		{54B4214F-95B6-D2AF-F65E-E239A382F65F}.Release|Any CPU.Build.0 = Release|Any CPU
		{C197FC31-9649-BE78-27A5-5D7879002EAA}.Debug|Any CPU.ActiveCfg = Debug|Any CPU
		{C197FC31-9649-BE78-27A5-5D7879002EAA}.Debug|Any CPU.Build.0 = Debug|Any CPU
		{C197FC31-9649-BE78-27A5-5D7879002EAA}.Release|Any CPU.ActiveCfg = Release|Any CPU
		{C197FC31-9649-BE78-27A5-5D7879002EAA}.Release|Any CPU.Build.0 = Release|Any CPU
	EndGlobalSection
	GlobalSection(SolutionProperties) = preSolution
		HideSolutionNode = FALSE
	EndGlobalSection
EndGlobal
